
Microsoft Visual Studio Solution File, Format Version 12.00
# Visual Studio Version 17
VisualStudioVersion = 17.0.31903.59
MinimumVisualStudioVersion = 10.0.40219.1
Project("{FAE04EC0-301F-11D3-BF4B-00C04F79EFBC}") = "CloudCostumers.API", "CloudCostumers.API\CloudCostumers.API.csproj", "{6B33B85B-4E48-45E8-A76B-0336A691557E}"
EndProject
Project("{FAE04EC0-301F-11D3-BF4B-00C04F79EFBC}") = "CloudCostumers.UnitTests", "CloudCostumers.UnitTests\CloudCostumers.UnitTests.csproj", "{03AC8EAF-DBF8-4639-AB6E-BEB9F04D63EA}"
EndProject
Global
	GlobalSection(SolutionConfigurationPlatforms) = preSolution
		Debug|Any CPU = Debug|Any CPU
		Release|Any CPU = Release|Any CPU
	EndGlobalSection
	GlobalSection(SolutionProperties) = preSolution
		HideSolutionNode = FALSE
	EndGlobalSection
	GlobalSection(ProjectConfigurationPlatforms) = postSolution
		{6B33B85B-4E48-45E8-A76B-0336A691557E}.Debug|Any CPU.ActiveCfg = Debug|Any CPU
		{6B33B85B-4E48-45E8-A76B-0336A691557E}.Debug|Any CPU.Build.0 = Debug|Any CPU
		{6B33B85B-4E48-45E8-A76B-0336A691557E}.Release|Any CPU.ActiveCfg = Release|Any CPU
		{6B33B85B-4E48-45E8-A76B-0336A691557E}.Release|Any CPU.Build.0 = Release|Any CPU
		{03AC8EAF-DBF8-4639-AB6E-BEB9F04D63EA}.Debug|Any CPU.ActiveCfg = Debug|Any CPU
		{03AC8EAF-DBF8-4639-AB6E-BEB9F04D63EA}.Debug|Any CPU.Build.0 = Debug|Any CPU
		{03AC8EAF-DBF8-4639-AB6E-BEB9F04D63EA}.Release|Any CPU.ActiveCfg = Release|Any CPU
		{03AC8EAF-DBF8-4639-AB6E-BEB9F04D63EA}.Release|Any CPU.Build.0 = Release|Any CPU
	EndGlobalSection
EndGlobal
